
Microsoft Visual Studio Solution File, Format Version 12.00
# Visual Studio Version 17
VisualStudioVersion = 17.3.32811.315
MinimumVisualStudioVersion = 10.0.40219.1
Project("{FAE04EC0-301F-11D3-BF4B-00C04F79EFBC}") = "SWDteam", "SWDteam\SWDteam.csproj", "{BA5D71CB-77E3-4B35-BB1D-E07DB2AD29E1}"
EndProject
Global
	GlobalSection(SolutionConfigurationPlatforms) = preSolution
		Debug|Any CPU = Debug|Any CPU
		Release|Any CPU = Release|Any CPU
	EndGlobalSection
	GlobalSection(ProjectConfigurationPlatforms) = postSolution
		{BA5D71CB-77E3-4B35-BB1D-E07DB2AD29E1}.Debug|Any CPU.ActiveCfg = Debug|Any CPU
		{BA5D71CB-77E3-4B35-BB1D-E07DB2AD29E1}.Debug|Any CPU.Build.0 = Debug|Any CPU
		{BA5D71CB-77E3-4B35-BB1D-E07DB2AD29E1}.Release|Any CPU.ActiveCfg = Release|Any CPU
		{BA5D71CB-77E3-4B35-BB1D-E07DB2AD29E1}.Release|Any CPU.Build.0 = Release|Any CPU
	EndGlobalSection
	GlobalSection(SolutionProperties) = preSolution
		HideSolutionNode = FALSE
	EndGlobalSection
	GlobalSection(ExtensibilityGlobals) = postSolution
		SolutionGuid = {F09F26AE-3EB4-4348-AFE3-A3D441C2F074}
	EndGlobalSection
EndGlobal
